
Microsoft Visual Studio Solution File, Format Version 12.00
# Visual Studio 15
VisualStudioVersion = 15.0.28307.1340
MinimumVisualStudioVersion = 10.0.40219.1
Project("{2150E333-8FDC-42A3-9474-1A3956D46DE8}") = "1. UI", "1. UI", "{94523276-1CA1-4E42-AB18-4F9C366199ED}"
EndProject
Project("{2150E333-8FDC-42A3-9474-1A3956D46DE8}") = "2. Logic", "2. Logic", "{BBD75FB8-E756-47B5-B1CD-7922808ACED5}"
EndProject
Project("{2150E333-8FDC-42A3-9474-1A3956D46DE8}") = "3. DataAccess", "3. DataAccess", "{5E6DD0E5-2DC0-431A-9E31-F9A6931770F2}"
EndProject
Project("{FAE04EC0-301F-11D3-BF4B-00C04F79EFBC}") = "DataAccess", "DataAccess\DataAccess.csproj", "{8B13DB1F-AEDC-467D-AFDC-903ED29C8AAE}"
EndProject
Project("{FAE04EC0-301F-11D3-BF4B-00C04F79EFBC}") = "Logic", "Logic\Logic.csproj", "{8872A6AC-6DDD-4C19-B4C5-AAC9A073BDE3}"
EndProject
Project("{FAE04EC0-301F-11D3-BF4B-00C04F79EFBC}") = "LogicController", "LogicController\LogicController.csproj", "{4F6A32C7-BB84-4955-99EB-6C889FFE79EB}"
EndProject
Project("{FAE04EC0-301F-11D3-BF4B-00C04F79EFBC}") = "Common", "Common\Common.csproj", "{A45E10C4-B5A1-40E1-BCB2-132085ED1D5E}"
EndProject
Project("{FAE04EC0-301F-11D3-BF4B-00C04F79EFBC}") = "Services", "Services\Services.csproj", "{45B617BC-F169-45CB-AA50-0AD764F3B5AC}"
EndProject
Project("{FAE04EC0-301F-11D3-BF4B-00C04F79EFBC}") = "Web", "Web\Web.csproj", "{B7C69613-25E3-4A39-940A-4B1120192BF5}"
EndProject
Project("{2150E333-8FDC-42A3-9474-1A3956D46DE8}") = "4. Utility", "4. Utility", "{E0ADF1AA-55E7-4DEF-9E05-DD0F2A69EAE5}"
EndProject
Project("{2150E333-8FDC-42A3-9474-1A3956D46DE8}") = "5. Batchs", "5. Batchs", "{ECC32938-0C25-4B4B-BB47-A5C7F348A827}"
EndProject
Project("{FAE04EC0-301F-11D3-BF4B-00C04F79EFBC}") = "ApiProxyGenerator", "ApiProxyGenerator\ApiProxyGenerator.csproj", "{42EA0835-8054-4504-BDD3-27D3C1FC6AA0}"
EndProject
Global
	GlobalSection(SolutionConfigurationPlatforms) = preSolution
		Debug|Any CPU = Debug|Any CPU
		Release|Any CPU = Release|Any CPU
	EndGlobalSection
	GlobalSection(ProjectConfigurationPlatforms) = postSolution
		{8B13DB1F-AEDC-467D-AFDC-903ED29C8AAE}.Debug|Any CPU.ActiveCfg = Debug|Any CPU
		{8B13DB1F-AEDC-467D-AFDC-903ED29C8AAE}.Debug|Any CPU.Build.0 = Debug|Any CPU
		{8B13DB1F-AEDC-467D-AFDC-903ED29C8AAE}.Release|Any CPU.ActiveCfg = Release|Any CPU
		{8B13DB1F-AEDC-467D-AFDC-903ED29C8AAE}.Release|Any CPU.Build.0 = Release|Any CPU
		{8872A6AC-6DDD-4C19-B4C5-AAC9A073BDE3}.Debug|Any CPU.ActiveCfg = Debug|Any CPU
		{8872A6AC-6DDD-4C19-B4C5-AAC9A073BDE3}.Debug|Any CPU.Build.0 = Debug|Any CPU
		{8872A6AC-6DDD-4C19-B4C5-AAC9A073BDE3}.Release|Any CPU.ActiveCfg = Release|Any CPU
		{8872A6AC-6DDD-4C19-B4C5-AAC9A073BDE3}.Release|Any CPU.Build.0 = Release|Any CPU
		{4F6A32C7-BB84-4955-99EB-6C889FFE79EB}.Debug|Any CPU.ActiveCfg = Debug|Any CPU
		{4F6A32C7-BB84-4955-99EB-6C889FFE79EB}.Debug|Any CPU.Build.0 = Debug|Any CPU
		{4F6A32C7-BB84-4955-99EB-6C889FFE79EB}.Release|Any CPU.ActiveCfg = Release|Any CPU
		{4F6A32C7-BB84-4955-99EB-6C889FFE79EB}.Release|Any CPU.Build.0 = Release|Any CPU
		{A45E10C4-B5A1-40E1-BCB2-132085ED1D5E}.Debug|Any CPU.ActiveCfg = Debug|Any CPU
		{A45E10C4-B5A1-40E1-BCB2-132085ED1D5E}.Debug|Any CPU.Build.0 = Debug|Any CPU
		{A45E10C4-B5A1-40E1-BCB2-132085ED1D5E}.Release|Any CPU.ActiveCfg = Release|Any CPU
		{A45E10C4-B5A1-40E1-BCB2-132085ED1D5E}.Release|Any CPU.Build.0 = Release|Any CPU
		{45B617BC-F169-45CB-AA50-0AD764F3B5AC}.Debug|Any CPU.ActiveCfg = Debug|Any CPU
		{45B617BC-F169-45CB-AA50-0AD764F3B5AC}.Debug|Any CPU.Build.0 = Debug|Any CPU
		{45B617BC-F169-45CB-AA50-0AD764F3B5AC}.Release|Any CPU.ActiveCfg = Release|Any CPU
		{45B617BC-F169-45CB-AA50-0AD764F3B5AC}.Release|Any CPU.Build.0 = Release|Any CPU
		{B7C69613-25E3-4A39-940A-4B1120192BF5}.Debug|Any CPU.ActiveCfg = Debug|Any CPU
		{B7C69613-25E3-4A39-940A-4B1120192BF5}.Debug|Any CPU.Build.0 = Debug|Any CPU
		{B7C69613-25E3-4A39-940A-4B1120192BF5}.Release|Any CPU.ActiveCfg = Release|Any CPU
		{B7C69613-25E3-4A39-940A-4B1120192BF5}.Release|Any CPU.Build.0 = Release|Any CPU
		{42EA0835-8054-4504-BDD3-27D3C1FC6AA0}.Debug|Any CPU.ActiveCfg = Debug|Any CPU
		{42EA0835-8054-4504-BDD3-27D3C1FC6AA0}.Debug|Any CPU.Build.0 = Debug|Any CPU
		{42EA0835-8054-4504-BDD3-27D3C1FC6AA0}.Release|Any CPU.ActiveCfg = Release|Any CPU
		{42EA0835-8054-4504-BDD3-27D3C1FC6AA0}.Release|Any CPU.Build.0 = Release|Any CPU
	EndGlobalSection
	GlobalSection(SolutionProperties) = preSolution
		HideSolutionNode = FALSE
	EndGlobalSection
	GlobalSection(NestedProjects) = preSolution
		{8B13DB1F-AEDC-467D-AFDC-903ED29C8AAE} = {5E6DD0E5-2DC0-431A-9E31-F9A6931770F2}
		{8872A6AC-6DDD-4C19-B4C5-AAC9A073BDE3} = {BBD75FB8-E756-47B5-B1CD-7922808ACED5}
		{4F6A32C7-BB84-4955-99EB-6C889FFE79EB} = {BBD75FB8-E756-47B5-B1CD-7922808ACED5}
		{A45E10C4-B5A1-40E1-BCB2-132085ED1D5E} = {BBD75FB8-E756-47B5-B1CD-7922808ACED5}
		{45B617BC-F169-45CB-AA50-0AD764F3B5AC} = {BBD75FB8-E756-47B5-B1CD-7922808ACED5}
		{B7C69613-25E3-4A39-940A-4B1120192BF5} = {94523276-1CA1-4E42-AB18-4F9C366199ED}
		{42EA0835-8054-4504-BDD3-27D3C1FC6AA0} = {E0ADF1AA-55E7-4DEF-9E05-DD0F2A69EAE5}
	EndGlobalSection
	GlobalSection(ExtensibilityGlobals) = postSolution
		SolutionGuid = {5ECDD937-A6C3-4296-B6C8-1E97ACB69E43}
	EndGlobalSection
EndGlobal
